// !$*UTF8*$!
{
	archiveVersion = 1;
	classes = {
	};
	objectVersion = 46;
	objects = {

/* Begin PBXBuildFile section */
		3B0485041C5E5D6B00AB7A28 /* CYLPlusButton.m in Sources */ = {isa = PBXBuildFile; fileRef = 3B0484FF1C5E5D6B00AB7A28 /* CYLPlusButton.m */; };
		3B0485051C5E5D6B00AB7A28 /* CYLTabBar.m in Sources */ = {isa = PBXBuildFile; fileRef = 3B0485011C5E5D6B00AB7A28 /* CYLTabBar.m */; };
		3B0485061C5E5D6B00AB7A28 /* CYLTabBarController.m in Sources */ = {isa = PBXBuildFile; fileRef = 3B0485031C5E5D6B00AB7A28 /* CYLTabBarController.m */; };
		3B04850B1C5E5E2200AB7A28 /* WBMessageViewController.swift in Sources */ = {isa = PBXBuildFile; fileRef = 3B04850A1C5E5E2200AB7A28 /* WBMessageViewController.swift */; };
		3B04850D1C5E5E3700AB7A28 /* WBDiscoverViewController.swift in Sources */ = {isa = PBXBuildFile; fileRef = 3B04850C1C5E5E3700AB7A28 /* WBDiscoverViewController.swift */; };
		3B04850F1C5E5E5800AB7A28 /* WBProfileViewController.swift in Sources */ = {isa = PBXBuildFile; fileRef = 3B04850E1C5E5E5800AB7A28 /* WBProfileViewController.swift */; };
		3B30A0C01C5A058200AA6479 /* UIImage+Panda.swift in Sources */ = {isa = PBXBuildFile; fileRef = 3B30A0BF1C5A058200AA6479 /* UIImage+Panda.swift */; };
		3B32DF3E1C55B60000BBBBF5 /* WBStatusHelper.swift in Sources */ = {isa = PBXBuildFile; fileRef = 3B32DF3D1C55B60000BBBBF5 /* WBStatusHelper.swift */; };
		3B32DF431C561B7900BBBBF5 /* ResourceWeibo.bundle in Resources */ = {isa = PBXBuildFile; fileRef = 3B32DF421C561B7900BBBBF5 /* ResourceWeibo.bundle */; };
		3B32DF451C561E9900BBBBF5 /* NSBundle+Panda.swift in Sources */ = {isa = PBXBuildFile; fileRef = 3B32DF441C561E9900BBBBF5 /* NSBundle+Panda.swift */; };
		3B32DF471C56231800BBBBF5 /* String+Panda.swift in Sources */ = {isa = PBXBuildFile; fileRef = 3B32DF461C56231800BBBBF5 /* String+Panda.swift */; };
		3B32DF4B1C5631A600BBBBF5 /* NSDate+Panda.swift in Sources */ = {isa = PBXBuildFile; fileRef = 3B32DF4A1C5631A600BBBBF5 /* NSDate+Panda.swift */; };
		3B32DF4D1C57729A00BBBBF5 /* EmoticonWeibo.bundle in Resources */ = {isa = PBXBuildFile; fileRef = 3B32DF4C1C57729A00BBBBF5 /* EmoticonWeibo.bundle */; };
		3B32DF511C58748E00BBBBF5 /* Dictionary+Panda.swift in Sources */ = {isa = PBXBuildFile; fileRef = 3B32DF501C58748E00BBBBF5 /* Dictionary+Panda.swift */; };
		3BD32EAA1C50DBCE00D6C61E /* AppDelegate.swift in Sources */ = {isa = PBXBuildFile; fileRef = 3BD32EA91C50DBCE00D6C61E /* AppDelegate.swift */; };
		3BD32EAC1C50DBCE00D6C61E /* ViewController.swift in Sources */ = {isa = PBXBuildFile; fileRef = 3BD32EAB1C50DBCE00D6C61E /* ViewController.swift */; };
		3BD32EAF1C50DBCE00D6C61E /* Main.storyboard in Resources */ = {isa = PBXBuildFile; fileRef = 3BD32EAD1C50DBCE00D6C61E /* Main.storyboard */; };
		3BD32EB11C50DBCE00D6C61E /* Assets.xcassets in Resources */ = {isa = PBXBuildFile; fileRef = 3BD32EB01C50DBCE00D6C61E /* Assets.xcassets */; };
		3BD32EB41C50DBCE00D6C61E /* LaunchScreen.storyboard in Resources */ = {isa = PBXBuildFile; fileRef = 3BD32EB21C50DBCE00D6C61E /* LaunchScreen.storyboard */; };
		3BD32EBD1C50DCE700D6C61E /* WBTimeLineViewController.swift in Sources */ = {isa = PBXBuildFile; fileRef = 3BD32EBC1C50DCE700D6C61E /* WBTimeLineViewController.swift */; };
		3BD32EC71C50DD5B00D6C61E /* weibo_0.json in Resources */ = {isa = PBXBuildFile; fileRef = 3BD32EBF1C50DD5B00D6C61E /* weibo_0.json */; };
		3BD32EC81C50DD5B00D6C61E /* weibo_1.json in Resources */ = {isa = PBXBuildFile; fileRef = 3BD32EC01C50DD5B00D6C61E /* weibo_1.json */; };
		3BD32EC91C50DD5B00D6C61E /* weibo_2.json in Resources */ = {isa = PBXBuildFile; fileRef = 3BD32EC11C50DD5B00D6C61E /* weibo_2.json */; };
		3BD32ECA1C50DD5B00D6C61E /* weibo_3.json in Resources */ = {isa = PBXBuildFile; fileRef = 3BD32EC21C50DD5B00D6C61E /* weibo_3.json */; };
		3BD32ECB1C50DD5B00D6C61E /* weibo_4.json in Resources */ = {isa = PBXBuildFile; fileRef = 3BD32EC31C50DD5B00D6C61E /* weibo_4.json */; };
		3BD32ECC1C50DD5B00D6C61E /* weibo_5.json in Resources */ = {isa = PBXBuildFile; fileRef = 3BD32EC41C50DD5B00D6C61E /* weibo_5.json */; };
		3BD32ECD1C50DD5B00D6C61E /* weibo_6.json in Resources */ = {isa = PBXBuildFile; fileRef = 3BD32EC51C50DD5B00D6C61E /* weibo_6.json */; };
		3BD32ECE1C50DD5B00D6C61E /* weibo_7.json in Resources */ = {isa = PBXBuildFile; fileRef = 3BD32EC61C50DD5B00D6C61E /* weibo_7.json */; };
		3BD32ED61C50DDB600D6C61E /* NSData+Panda.swift in Sources */ = {isa = PBXBuildFile; fileRef = 3BD32ED11C50DDB600D6C61E /* NSData+Panda.swift */; };
		3BD32ED71C50DDB600D6C61E /* UIColor+Panda.swift in Sources */ = {isa = PBXBuildFile; fileRef = 3BD32ED41C50DDB600D6C61E /* UIColor+Panda.swift */; };
		3BD32ED81C50DDB600D6C61E /* UIView+Panda.swift in Sources */ = {isa = PBXBuildFile; fileRef = 3BD32ED51C50DDB600D6C61E /* UIView+Panda.swift */; };
		3BD32EDA1C50DDFD00D6C61E /* WBStatusCell.swift in Sources */ = {isa = PBXBuildFile; fileRef = 3BD32ED91C50DDFD00D6C61E /* WBStatusCell.swift */; };
		3BD32EDC1C50DF0500D6C61E /* WBModel.swift in Sources */ = {isa = PBXBuildFile; fileRef = 3BD32EDB1C50DF0500D6C61E /* WBModel.swift */; };
		3BE8C94A1C5B5441003BA829 /* CALayer+Panda.swift in Sources */ = {isa = PBXBuildFile; fileRef = 3BE8C9491C5B5441003BA829 /* CALayer+Panda.swift */; };
		3BE8C94E1C5B6978003BA829 /* WBPictureView.swift in Sources */ = {isa = PBXBuildFile; fileRef = 3BE8C94D1C5B6978003BA829 /* WBPictureView.swift */; };
		3BEDF8AD1C5393FB008AF40C /* WBStatusLayout.swift in Sources */ = {isa = PBXBuildFile; fileRef = 3BEDF8AC1C5393FB008AF40C /* WBStatusLayout.swift */; };
		3BEDF8B31C55082B008AF40C /* PandaCGUtilities.swift in Sources */ = {isa = PBXBuildFile; fileRef = 3BEDF8B21C55082B008AF40C /* PandaCGUtilities.swift */; };
		44D56E8E065295140F3E6616 /* Pods.framework in Frameworks */ = {isa = PBXBuildFile; fileRef = 2BF6BCBAFB4CF8E8659B8621 /* Pods.framework */; };
/* End PBXBuildFile section */

/* Begin PBXFileReference section */
		042FC467B2954CF545451BB1 /* Pods.debug.xcconfig */ = {isa = PBXFileReference; includeInIndex = 1; lastKnownFileType = text.xcconfig; name = Pods.debug.xcconfig; path = "Pods/Target Support Files/Pods/Pods.debug.xcconfig"; sourceTree = "<group>"; };
		2BF6BCBAFB4CF8E8659B8621 /* Pods.framework */ = {isa = PBXFileReference; explicitFileType = wrapper.framework; includeInIndex = 0; path = Pods.framework; sourceTree = BUILT_PRODUCTS_DIR; };
		3B0484FE1C5E5D6B00AB7A28 /* CYLPlusButton.h */ = {isa = PBXFileReference; fileEncoding = 4; lastKnownFileType = sourcecode.c.h; path = CYLPlusButton.h; sourceTree = "<group>"; };
		3B0484FF1C5E5D6B00AB7A28 /* CYLPlusButton.m */ = {isa = PBXFileReference; fileEncoding = 4; lastKnownFileType = sourcecode.c.objc; path = CYLPlusButton.m; sourceTree = "<group>"; };
		3B0485001C5E5D6B00AB7A28 /* CYLTabBar.h */ = {isa = PBXFileReference; fileEncoding = 4; lastKnownFileType = sourcecode.c.h; path = CYLTabBar.h; sourceTree = "<group>"; };
		3B0485011C5E5D6B00AB7A28 /* CYLTabBar.m */ = {isa = PBXFileReference; fileEncoding = 4; lastKnownFileType = sourcecode.c.objc; path = CYLTabBar.m; sourceTree = "<group>"; };
		3B0485021C5E5D6B00AB7A28 /* CYLTabBarController.h */ = {isa = PBXFileReference; fileEncoding = 4; lastKnownFileType = sourcecode.c.h; path = CYLTabBarController.h; sourceTree = "<group>"; };
		3B0485031C5E5D6B00AB7A28 /* CYLTabBarController.m */ = {isa = PBXFileReference; fileEncoding = 4; lastKnownFileType = sourcecode.c.objc; path = CYLTabBarController.m; sourceTree = "<group>"; };
		3B04850A1C5E5E2200AB7A28 /* WBMessageViewController.swift */ = {isa = PBXFileReference; fileEncoding = 4; lastKnownFileType = sourcecode.swift; path = WBMessageViewController.swift; sourceTree = "<group>"; };
		3B04850C1C5E5E3700AB7A28 /* WBDiscoverViewController.swift */ = {isa = PBXFileReference; fileEncoding = 4; lastKnownFileType = sourcecode.swift; path = WBDiscoverViewController.swift; sourceTree = "<group>"; };
		3B04850E1C5E5E5800AB7A28 /* WBProfileViewController.swift */ = {isa = PBXFileReference; fileEncoding = 4; lastKnownFileType = sourcecode.swift; path = WBProfileViewController.swift; sourceTree = "<group>"; };
		3B30A0BF1C5A058200AA6479 /* UIImage+Panda.swift */ = {isa = PBXFileReference; fileEncoding = 4; lastKnownFileType = sourcecode.swift; path = "UIImage+Panda.swift"; sourceTree = "<group>"; };
		3B32DF3D1C55B60000BBBBF5 /* WBStatusHelper.swift */ = {isa = PBXFileReference; fileEncoding = 4; lastKnownFileType = sourcecode.swift; path = WBStatusHelper.swift; sourceTree = "<group>"; };
		3B32DF421C561B7900BBBBF5 /* ResourceWeibo.bundle */ = {isa = PBXFileReference; lastKnownFileType = "wrapper.plug-in"; path = ResourceWeibo.bundle; sourceTree = "<group>"; };
		3B32DF441C561E9900BBBBF5 /* NSBundle+Panda.swift */ = {isa = PBXFileReference; fileEncoding = 4; lastKnownFileType = sourcecode.swift; path = "NSBundle+Panda.swift"; sourceTree = "<group>"; };
		3B32DF461C56231800BBBBF5 /* String+Panda.swift */ = {isa = PBXFileReference; fileEncoding = 4; lastKnownFileType = sourcecode.swift; path = "String+Panda.swift"; sourceTree = "<group>"; };
		3B32DF4A1C5631A600BBBBF5 /* NSDate+Panda.swift */ = {isa = PBXFileReference; fileEncoding = 4; lastKnownFileType = sourcecode.swift; path = "NSDate+Panda.swift"; sourceTree = "<group>"; };
		3B32DF4C1C57729A00BBBBF5 /* EmoticonWeibo.bundle */ = {isa = PBXFileReference; lastKnownFileType = "wrapper.plug-in"; path = EmoticonWeibo.bundle; sourceTree = "<group>"; };
		3B32DF501C58748E00BBBBF5 /* Dictionary+Panda.swift */ = {isa = PBXFileReference; fileEncoding = 4; lastKnownFileType = sourcecode.swift; path = "Dictionary+Panda.swift"; sourceTree = "<group>"; };
		3BD32EA61C50DBCE00D6C61E /* Weibo-Swift.app */ = {isa = PBXFileReference; explicitFileType = wrapper.application; includeInIndex = 0; path = "Weibo-Swift.app"; sourceTree = BUILT_PRODUCTS_DIR; };
		3BD32EA91C50DBCE00D6C61E /* AppDelegate.swift */ = {isa = PBXFileReference; lastKnownFileType = sourcecode.swift; path = AppDelegate.swift; sourceTree = "<group>"; };
		3BD32EAB1C50DBCE00D6C61E /* ViewController.swift */ = {isa = PBXFileReference; lastKnownFileType = sourcecode.swift; path = ViewController.swift; sourceTree = "<group>"; };
		3BD32EAE1C50DBCE00D6C61E /* Base */ = {isa = PBXFileReference; lastKnownFileType = file.storyboard; name = Base; path = Base.lproj/Main.storyboard; sourceTree = "<group>"; };
		3BD32EB01C50DBCE00D6C61E /* Assets.xcassets */ = {isa = PBXFileReference; lastKnownFileType = folder.assetcatalog; path = Assets.xcassets; sourceTree = "<group>"; };
		3BD32EB31C50DBCE00D6C61E /* Base */ = {isa = PBXFileReference; lastKnownFileType = file.storyboard; name = Base; path = Base.lproj/LaunchScreen.storyboard; sourceTree = "<group>"; };
		3BD32EB51C50DBCE00D6C61E /* Info.plist */ = {isa = PBXFileReference; lastKnownFileType = text.plist.xml; path = Info.plist; sourceTree = "<group>"; };
		3BD32EBC1C50DCE700D6C61E /* WBTimeLineViewController.swift */ = {isa = PBXFileReference; fileEncoding = 4; lastKnownFileType = sourcecode.swift; path = WBTimeLineViewController.swift; sourceTree = "<group>"; };
		3BD32EBF1C50DD5B00D6C61E /* weibo_0.json */ = {isa = PBXFileReference; fileEncoding = 4; lastKnownFileType = text.json; path = weibo_0.json; sourceTree = "<group>"; };
		3BD32EC01C50DD5B00D6C61E /* weibo_1.json */ = {isa = PBXFileReference; fileEncoding = 4; lastKnownFileType = text.json; path = weibo_1.json; sourceTree = "<group>"; };
		3BD32EC11C50DD5B00D6C61E /* weibo_2.json */ = {isa = PBXFileReference; fileEncoding = 4; lastKnownFileType = text.json; path = weibo_2.json; sourceTree = "<group>"; };
		3BD32EC21C50DD5B00D6C61E /* weibo_3.json */ = {isa = PBXFileReference; fileEncoding = 4; lastKnownFileType = text.json; path = weibo_3.json; sourceTree = "<group>"; };
		3BD32EC31C50DD5B00D6C61E /* weibo_4.json */ = {isa = PBXFileReference; fileEncoding = 4; lastKnownFileType = text.json; path = weibo_4.json; sourceTree = "<group>"; };
		3BD32EC41C50DD5B00D6C61E /* weibo_5.json */ = {isa = PBXFileReference; fileEncoding = 4; lastKnownFileType = text.json; path = weibo_5.json; sourceTree = "<group>"; };
		3BD32EC51C50DD5B00D6C61E /* weibo_6.json */ = {isa = PBXFileReference; fileEncoding = 4; lastKnownFileType = text.json; path = weibo_6.json; sourceTree = "<group>"; };
		3BD32EC61C50DD5B00D6C61E /* weibo_7.json */ = {isa = PBXFileReference; fileEncoding = 4; lastKnownFileType = text.json; path = weibo_7.json; sourceTree = "<group>"; };
		3BD32ED11C50DDB600D6C61E /* NSData+Panda.swift */ = {isa = PBXFileReference; fileEncoding = 4; lastKnownFileType = sourcecode.swift; path = "NSData+Panda.swift"; sourceTree = "<group>"; };
		3BD32ED41C50DDB600D6C61E /* UIColor+Panda.swift */ = {isa = PBXFileReference; fileEncoding = 4; lastKnownFileType = sourcecode.swift; path = "UIColor+Panda.swift"; sourceTree = "<group>"; };
		3BD32ED51C50DDB600D6C61E /* UIView+Panda.swift */ = {isa = PBXFileReference; fileEncoding = 4; lastKnownFileType = sourcecode.swift; path = "UIView+Panda.swift"; sourceTree = "<group>"; };
		3BD32ED91C50DDFD00D6C61E /* WBStatusCell.swift */ = {isa = PBXFileReference; fileEncoding = 4; lastKnownFileType = sourcecode.swift; path = WBStatusCell.swift; sourceTree = "<group>"; };
		3BD32EDB1C50DF0500D6C61E /* WBModel.swift */ = {isa = PBXFileReference; fileEncoding = 4; lastKnownFileType = sourcecode.swift; path = WBModel.swift; sourceTree = "<group>"; };
		3BE8C9491C5B5441003BA829 /* CALayer+Panda.swift */ = {isa = PBXFileReference; fileEncoding = 4; lastKnownFileType = sourcecode.swift; path = "CALayer+Panda.swift"; sourceTree = "<group>"; };
		3BE8C94D1C5B6978003BA829 /* WBPictureView.swift */ = {isa = PBXFileReference; fileEncoding = 4; lastKnownFileType = sourcecode.swift; path = WBPictureView.swift; sourceTree = "<group>"; };
		3BEDF8AC1C5393FB008AF40C /* WBStatusLayout.swift */ = {isa = PBXFileReference; fileEncoding = 4; lastKnownFileType = sourcecode.swift; path = WBStatusLayout.swift; sourceTree = "<group>"; };
		3BEDF8B11C53AFEF008AF40C /* Bridging-Header.h */ = {isa = PBXFileReference; lastKnownFileType = sourcecode.c.h; path = "Bridging-Header.h"; sourceTree = "<group>"; };
		3BEDF8B21C55082B008AF40C /* PandaCGUtilities.swift */ = {isa = PBXFileReference; fileEncoding = 4; lastKnownFileType = sourcecode.swift; path = PandaCGUtilities.swift; sourceTree = "<group>"; };
		EFC0CFCB6E9285306B8E01E9 /* Pods.release.xcconfig */ = {isa = PBXFileReference; includeInIndex = 1; lastKnownFileType = text.xcconfig; name = Pods.release.xcconfig; path = "Pods/Target Support Files/Pods/Pods.release.xcconfig"; sourceTree = "<group>"; };
/* End PBXFileReference section */

/* Begin PBXFrameworksBuildPhase section */
		3BD32EA31C50DBCE00D6C61E /* Frameworks */ = {
			isa = PBXFrameworksBuildPhase;
			buildActionMask = 2147483647;
			files = (
				44D56E8E065295140F3E6616 /* Pods.framework in Frameworks */,
			);
			runOnlyForDeploymentPostprocessing = 0;
		};
/* End PBXFrameworksBuildPhase section */

/* Begin PBXGroup section */
		3B0484FC1C5E5D6300AB7A28 /* 3rd */ = {
			isa = PBXGroup;
			children = (
				3B0484FD1C5E5D6B00AB7A28 /* CYLTabBarController */,
			);
			path = 3rd;
			sourceTree = "<group>";
		};
		3B0484FD1C5E5D6B00AB7A28 /* CYLTabBarController */ = {
			isa = PBXGroup;
			children = (
				3B0484FE1C5E5D6B00AB7A28 /* CYLPlusButton.h */,
				3B0484FF1C5E5D6B00AB7A28 /* CYLPlusButton.m */,
				3B0485001C5E5D6B00AB7A28 /* CYLTabBar.h */,
				3B0485011C5E5D6B00AB7A28 /* CYLTabBar.m */,
				3B0485021C5E5D6B00AB7A28 /* CYLTabBarController.h */,
				3B0485031C5E5D6B00AB7A28 /* CYLTabBarController.m */,
			);
			path = CYLTabBarController;
			sourceTree = "<group>";
		};
		3B0485071C5E5DC600AB7A28 /* Message */ = {
			isa = PBXGroup;
			children = (
				3B04850A1C5E5E2200AB7A28 /* WBMessageViewController.swift */,
			);
			name = Message;
			sourceTree = "<group>";
		};
		3B0485081C5E5DCD00AB7A28 /* Discover */ = {
			isa = PBXGroup;
			children = (
				3B04850C1C5E5E3700AB7A28 /* WBDiscoverViewController.swift */,
			);
			name = Discover;
			sourceTree = "<group>";
		};
		3B0485091C5E5DDC00AB7A28 /* Profile */ = {
			isa = PBXGroup;
			children = (
				3B04850E1C5E5E5800AB7A28 /* WBProfileViewController.swift */,
			);
			name = Profile;
			sourceTree = "<group>";
		};
		3B32DF3C1C55B5F000BBBBF5 /* Helper */ = {
			isa = PBXGroup;
			children = (
				3B32DF3D1C55B60000BBBBF5 /* WBStatusHelper.swift */,
			);
			name = Helper;
			sourceTree = "<group>";
		};
		3B32DF3F1C561B5D00BBBBF5 /* Resources */ = {
			isa = PBXGroup;
			children = (
				3B32DF4C1C57729A00BBBBF5 /* EmoticonWeibo.bundle */,
				3B32DF421C561B7900BBBBF5 /* ResourceWeibo.bundle */,
			);
			name = Resources;
			sourceTree = "<group>";
		};
		3BD32E9D1C50DBCE00D6C61E = {
			isa = PBXGroup;
			children = (
				3BEDF8B11C53AFEF008AF40C /* Bridging-Header.h */,
				3BD32EA81C50DBCE00D6C61E /* Weibo-Swift */,
				3BD32EA71C50DBCE00D6C61E /* Products */,
				427F19596C5E1A1F37C8CE8D /* Pods */,
				F0DE70ABE1E62CFA43E0485E /* Frameworks */,
			);
			sourceTree = "<group>";
		};
		3BD32EA71C50DBCE00D6C61E /* Products */ = {
			isa = PBXGroup;
			children = (
				3BD32EA61C50DBCE00D6C61E /* Weibo-Swift.app */,
			);
			name = Products;
			sourceTree = "<group>";
		};
		3BD32EA81C50DBCE00D6C61E /* Weibo-Swift */ = {
			isa = PBXGroup;
			children = (
				3B0484FC1C5E5D6300AB7A28 /* 3rd */,
				3BD32EBB1C50DC8800D6C61E /* Weibo */,
				3BD32EA91C50DBCE00D6C61E /* AppDelegate.swift */,
				3BD32EAB1C50DBCE00D6C61E /* ViewController.swift */,
				3BD32EAD1C50DBCE00D6C61E /* Main.storyboard */,
				3BD32EB01C50DBCE00D6C61E /* Assets.xcassets */,
				3BD32EB21C50DBCE00D6C61E /* LaunchScreen.storyboard */,
				3BD32EB51C50DBCE00D6C61E /* Info.plist */,
				3BD32ECF1C50DDB600D6C61E /* Base */,
			);
			path = "Weibo-Swift";
			sourceTree = "<group>";
		};
		3BD32EBB1C50DC8800D6C61E /* Weibo */ = {
			isa = PBXGroup;
			children = (
				3BEDF8AB1C51C5AD008AF40C /* Timeline */,
				3B0485071C5E5DC600AB7A28 /* Message */,
				3B0485081C5E5DCD00AB7A28 /* Discover */,
				3B0485091C5E5DDC00AB7A28 /* Profile */,
				3B32DF3F1C561B5D00BBBBF5 /* Resources */,
				3B32DF3C1C55B5F000BBBBF5 /* Helper */,
				3BD32EBE1C50DD3500D6C61E /* JSON */,
			);
			name = Weibo;
			sourceTree = "<group>";
		};
		3BD32EBE1C50DD3500D6C61E /* JSON */ = {
			isa = PBXGroup;
			children = (
				3BD32EBF1C50DD5B00D6C61E /* weibo_0.json */,
				3BD32EC01C50DD5B00D6C61E /* weibo_1.json */,
				3BD32EC11C50DD5B00D6C61E /* weibo_2.json */,
				3BD32EC21C50DD5B00D6C61E /* weibo_3.json */,
				3BD32EC31C50DD5B00D6C61E /* weibo_4.json */,
				3BD32EC41C50DD5B00D6C61E /* weibo_5.json */,
				3BD32EC51C50DD5B00D6C61E /* weibo_6.json */,
				3BD32EC61C50DD5B00D6C61E /* weibo_7.json */,
			);
			name = JSON;
			sourceTree = "<group>";
		};
		3BD32ECF1C50DDB600D6C61E /* Base */ = {
			isa = PBXGroup;
			children = (
				3BD32ED01C50DDB600D6C61E /* Foundation */,
				3BD32ED21C50DDB600D6C61E /* Quartz */,
				3BD32ED31C50DDB600D6C61E /* UIKit */,
			);
			path = Base;
			sourceTree = "<group>";
		};
		3BD32ED01C50DDB600D6C61E /* Foundation */ = {
			isa = PBXGroup;
			children = (
				3BD32ED11C50DDB600D6C61E /* NSData+Panda.swift */,
				3B32DF441C561E9900BBBBF5 /* NSBundle+Panda.swift */,
				3B32DF461C56231800BBBBF5 /* String+Panda.swift */,
				3B32DF4A1C5631A600BBBBF5 /* NSDate+Panda.swift */,
				3B32DF501C58748E00BBBBF5 /* Dictionary+Panda.swift */,
			);
			path = Foundation;
			sourceTree = "<group>";
		};
		3BD32ED21C50DDB600D6C61E /* Quartz */ = {
			isa = PBXGroup;
			children = (
				3BEDF8B21C55082B008AF40C /* PandaCGUtilities.swift */,
				3BE8C9491C5B5441003BA829 /* CALayer+Panda.swift */,
			);
			path = Quartz;
			sourceTree = "<group>";
		};
		3BD32ED31C50DDB600D6C61E /* UIKit */ = {
			isa = PBXGroup;
			children = (
				3BD32ED41C50DDB600D6C61E /* UIColor+Panda.swift */,
				3BD32ED51C50DDB600D6C61E /* UIView+Panda.swift */,
				3B30A0BF1C5A058200AA6479 /* UIImage+Panda.swift */,
			);
			path = UIKit;
			sourceTree = "<group>";
		};
		3BEDF8AB1C51C5AD008AF40C /* Timeline */ = {
			isa = PBXGroup;
			children = (
				3BD32EBC1C50DCE700D6C61E /* WBTimeLineViewController.swift */,
				3BD32ED91C50DDFD00D6C61E /* WBStatusCell.swift */,
				3BD32EDB1C50DF0500D6C61E /* WBModel.swift */,
				3BEDF8AC1C5393FB008AF40C /* WBStatusLayout.swift */,
				3BE8C94D1C5B6978003BA829 /* WBPictureView.swift */,
			);
			name = Timeline;
			sourceTree = "<group>";
		};
		427F19596C5E1A1F37C8CE8D /* Pods */ = {
			isa = PBXGroup;
			children = (
				042FC467B2954CF545451BB1 /* Pods.debug.xcconfig */,
				EFC0CFCB6E9285306B8E01E9 /* Pods.release.xcconfig */,
			);
			name = Pods;
			sourceTree = "<group>";
		};
		F0DE70ABE1E62CFA43E0485E /* Frameworks */ = {
			isa = PBXGroup;
			children = (
				2BF6BCBAFB4CF8E8659B8621 /* Pods.framework */,
			);
			name = Frameworks;
			sourceTree = "<group>";
		};
/* End PBXGroup section */

/* Begin PBXNativeTarget section */
		3BD32EA51C50DBCE00D6C61E /* Weibo-Swift */ = {
			isa = PBXNativeTarget;
			buildConfigurationList = 3BD32EB81C50DBCE00D6C61E /* Build configuration list for PBXNativeTarget "Weibo-Swift" */;
			buildPhases = (
				78194A4815A1EAAFB6E9C4DC /* Check Pods Manifest.lock */,
				3BD32EA21C50DBCE00D6C61E /* Sources */,
				3BD32EA31C50DBCE00D6C61E /* Frameworks */,
				3BD32EA41C50DBCE00D6C61E /* Resources */,
				C95F0A3C7AA5EA5483788838 /* Embed Pods Frameworks */,
				A53EEEA09F6508B3C7A7BAEC /* Copy Pods Resources */,
			);
			buildRules = (
			);
			dependencies = (
			);
			name = "Weibo-Swift";
			productName = "Weibo-Swift";
			productReference = 3BD32EA61C50DBCE00D6C61E /* Weibo-Swift.app */;
			productType = "com.apple.product-type.application";
		};
/* End PBXNativeTarget section */

/* Begin PBXProject section */
		3BD32E9E1C50DBCE00D6C61E /* Project object */ = {
			isa = PBXProject;
			attributes = {
				LastSwiftUpdateCheck = 0720;
				LastUpgradeCheck = 0720;
				ORGANIZATIONNAME = PandaLZMing;
				TargetAttributes = {
					3BD32EA51C50DBCE00D6C61E = {
						CreatedOnToolsVersion = 7.2;
					};
				};
			};
			buildConfigurationList = 3BD32EA11C50DBCE00D6C61E /* Build configuration list for PBXProject "Weibo-Swift" */;
			compatibilityVersion = "Xcode 3.2";
			developmentRegion = English;
			hasScannedForEncodings = 0;
			knownRegions = (
				en,
				Base,
			);
			mainGroup = 3BD32E9D1C50DBCE00D6C61E;
			productRefGroup = 3BD32EA71C50DBCE00D6C61E /* Products */;
			projectDirPath = "";
			projectRoot = "";
			targets = (
				3BD32EA51C50DBCE00D6C61E /* Weibo-Swift */,
			);
		};
/* End PBXProject section */

/* Begin PBXResourcesBuildPhase section */
		3BD32EA41C50DBCE00D6C61E /* Resources */ = {
			isa = PBXResourcesBuildPhase;
			buildActionMask = 2147483647;
			files = (
				3BD32EC81C50DD5B00D6C61E /* weibo_1.json in Resources */,
				3BD32EC91C50DD5B00D6C61E /* weibo_2.json in Resources */,
				3BD32EB41C50DBCE00D6C61E /* LaunchScreen.storyboard in Resources */,
				3BD32ECA1C50DD5B00D6C61E /* weibo_3.json in Resources */,
				3BD32ECE1C50DD5B00D6C61E /* weibo_7.json in Resources */,
				3BD32EC71C50DD5B00D6C61E /* weibo_0.json in Resources */,
				3BD32ECD1C50DD5B00D6C61E /* weibo_6.json in Resources */,
				3BD32ECB1C50DD5B00D6C61E /* weibo_4.json in Resources */,
				3B32DF4D1C57729A00BBBBF5 /* EmoticonWeibo.bundle in Resources */,
				3B32DF431C561B7900BBBBF5 /* ResourceWeibo.bundle in Resources */,
				3BD32EB11C50DBCE00D6C61E /* Assets.xcassets in Resources */,
				3BD32ECC1C50DD5B00D6C61E /* weibo_5.json in Resources */,
				3BD32EAF1C50DBCE00D6C61E /* Main.storyboard in Resources */,
			);
			runOnlyForDeploymentPostprocessing = 0;
		};
/* End PBXResourcesBuildPhase section */

/* Begin PBXShellScriptBuildPhase section */
		78194A4815A1EAAFB6E9C4DC /* Check Pods Manifest.lock */ = {
			isa = PBXShellScriptBuildPhase;
			buildActionMask = 2147483647;
			files = (
			);
			inputPaths = (
			);
			name = "Check Pods Manifest.lock";
			outputPaths = (
			);
			runOnlyForDeploymentPostprocessing = 0;
			shellPath = /bin/sh;
			shellScript = "diff \"${PODS_ROOT}/../Podfile.lock\" \"${PODS_ROOT}/Manifest.lock\" > /dev/null\nif [[ $? != 0 ]] ; then\n    cat << EOM\nerror: The sandbox is not in sync with the Podfile.lock. Run 'pod install' or update your CocoaPods installation.\nEOM\n    exit 1\nfi\n";
			showEnvVarsInLog = 0;
		};
		A53EEEA09F6508B3C7A7BAEC /* Copy Pods Resources */ = {
			isa = PBXShellScriptBuildPhase;
			buildActionMask = 2147483647;
			files = (
			);
			inputPaths = (
			);
			name = "Copy Pods Resources";
			outputPaths = (
			);
			runOnlyForDeploymentPostprocessing = 0;
			shellPath = /bin/sh;
			shellScript = "\"${SRCROOT}/Pods/Target Support Files/Pods/Pods-resources.sh\"\n";
			showEnvVarsInLog = 0;
		};
		C95F0A3C7AA5EA5483788838 /* Embed Pods Frameworks */ = {
			isa = PBXShellScriptBuildPhase;
			buildActionMask = 2147483647;
			files = (
			);
			inputPaths = (
			);
			name = "Embed Pods Frameworks";
			outputPaths = (
			);
			runOnlyForDeploymentPostprocessing = 0;
			shellPath = /bin/sh;
			shellScript = "\"${SRCROOT}/Pods/Target Support Files/Pods/Pods-frameworks.sh\"\n";
			showEnvVarsInLog = 0;
		};
/* End PBXShellScriptBuildPhase section */

/* Begin PBXSourcesBuildPhase section */
		3BD32EA21C50DBCE00D6C61E /* Sources */ = {
			isa = PBXSourcesBuildPhase;
			buildActionMask = 2147483647;
			files = (
				3BD32ED71C50DDB600D6C61E /* UIColor+Panda.swift in Sources */,
				3B04850F1C5E5E5800AB7A28 /* WBProfileViewController.swift in Sources */,
				3B32DF4B1C5631A600BBBBF5 /* NSDate+Panda.swift in Sources */,
				3B0485061C5E5D6B00AB7A28 /* CYLTabBarController.m in Sources */,
				3B32DF451C561E9900BBBBF5 /* NSBundle+Panda.swift in Sources */,
				3B32DF471C56231800BBBBF5 /* String+Panda.swift in Sources */,
				3B04850B1C5E5E2200AB7A28 /* WBMessageViewController.swift in Sources */,
				3BEDF8B31C55082B008AF40C /* PandaCGUtilities.swift in Sources */,
				3BE8C94A1C5B5441003BA829 /* CALayer+Panda.swift in Sources */,
				3BE8C94E1C5B6978003BA829 /* WBPictureView.swift in Sources */,
				3BD32EDA1C50DDFD00D6C61E /* WBStatusCell.swift in Sources */,
				3B32DF511C58748E00BBBBF5 /* Dictionary+Panda.swift in Sources */,
				3B32DF3E1C55B60000BBBBF5 /* WBStatusHelper.swift in Sources */,
				3BD32EDC1C50DF0500D6C61E /* WBModel.swift in Sources */,
				3BEDF8AD1C5393FB008AF40C /* WBStatusLayout.swift in Sources */,
				3BD32EAC1C50DBCE00D6C61E /* ViewController.swift in Sources */,
				3B04850D1C5E5E3700AB7A28 /* WBDiscoverViewController.swift in Sources */,
				3B0485041C5E5D6B00AB7A28 /* CYLPlusButton.m in Sources */,
				3BD32EAA1C50DBCE00D6C61E /* AppDelegate.swift in Sources */,
				3BD32EBD1C50DCE700D6C61E /* WBTimeLineViewController.swift in Sources */,
				3BD32ED61C50DDB600D6C61E /* NSData+Panda.swift in Sources */,
				3B30A0C01C5A058200AA6479 /* UIImage+Panda.swift in Sources */,
				3B0485051C5E5D6B00AB7A28 /* CYLTabBar.m in Sources */,
				3BD32ED81C50DDB600D6C61E /* UIView+Panda.swift in Sources */,
			);
			runOnlyForDeploymentPostprocessing = 0;
		};
/* End PBXSourcesBuildPhase section */

/* Begin PBXVariantGroup section */
		3BD32EAD1C50DBCE00D6C61E /* Main.storyboard */ = {
			isa = PBXVariantGroup;
			children = (
				3BD32EAE1C50DBCE00D6C61E /* Base */,
			);
			name = Main.storyboard;
			sourceTree = "<group>";
		};
		3BD32EB21C50DBCE00D6C61E /* LaunchScreen.storyboard */ = {
			isa = PBXVariantGroup;
			children = (
				3BD32EB31C50DBCE00D6C61E /* Base */,
			);
			name = LaunchScreen.storyboard;
			sourceTree = "<group>";
		};
/* End PBXVariantGroup section */

/* Begin XCBuildConfiguration section */
		3BD32EB61C50DBCE00D6C61E /* Debug */ = {
			isa = XCBuildConfiguration;
			buildSettings = {
				ALWAYS_SEARCH_USER_PATHS = NO;
				CLANG_CXX_LANGUAGE_STANDARD = "gnu++0x";
				CLANG_CXX_LIBRARY = "libc++";
				CLANG_ENABLE_MODULES = YES;
				CLANG_ENABLE_OBJC_ARC = YES;
				CLANG_WARN_BOOL_CONVERSION = YES;
				CLANG_WARN_CONSTANT_CONVERSION = YES;
				CLANG_WARN_DIRECT_OBJC_ISA_USAGE = YES_ERROR;
				CLANG_WARN_EMPTY_BODY = YES;
				CLANG_WARN_ENUM_CONVERSION = YES;
				CLANG_WARN_INT_CONVERSION = YES;
				CLANG_WARN_OBJC_ROOT_CLASS = YES_ERROR;
				CLANG_WARN_UNREACHABLE_CODE = YES;
				CLANG_WARN__DUPLICATE_METHOD_MATCH = YES;
				"CODE_SIGN_IDENTITY[sdk=iphoneos*]" = "iPhone Developer";
				COPY_PHASE_STRIP = NO;
				DEBUG_INFORMATION_FORMAT = dwarf;
				ENABLE_STRICT_OBJC_MSGSEND = YES;
				ENABLE_TESTABILITY = YES;
				GCC_C_LANGUAGE_STANDARD = gnu99;
				GCC_DYNAMIC_NO_PIC = NO;
				GCC_NO_COMMON_BLOCKS = YES;
				GCC_OPTIMIZATION_LEVEL = 0;
				GCC_PREPROCESSOR_DEFINITIONS = (
					"DEBUG=1",
					"$(inherited)",
				);
				GCC_WARN_64_TO_32_BIT_CONVERSION = YES;
				GCC_WARN_ABOUT_RETURN_TYPE = YES_ERROR;
				GCC_WARN_UNDECLARED_SELECTOR = YES;
				GCC_WARN_UNINITIALIZED_AUTOS = YES_AGGRESSIVE;
				GCC_WARN_UNUSED_FUNCTION = YES;
				GCC_WARN_UNUSED_VARIABLE = YES;
				IPHONEOS_DEPLOYMENT_TARGET = 9.2;
				MTL_ENABLE_DEBUG_INFO = YES;
				ONLY_ACTIVE_ARCH = YES;
				SDKROOT = iphoneos;
				SWIFT_OBJC_BRIDGING_HEADER = "Bridging-Header.h";
				SWIFT_OPTIMIZATION_LEVEL = "-Onone";
				TARGETED_DEVICE_FAMILY = "1,2";
			};
			name = Debug;
		};
		3BD32EB71C50DBCE00D6C61E /* Release */ = {
			isa = XCBuildConfiguration;
			buildSettings = {
				ALWAYS_SEARCH_USER_PATHS = NO;
				CLANG_CXX_LANGUAGE_STANDARD = "gnu++0x";
				CLANG_CXX_LIBRARY = "libc++";
				CLANG_ENABLE_MODULES = YES;
				CLANG_ENABLE_OBJC_ARC = YES;
				CLANG_WARN_BOOL_CONVERSION = YES;
				CLANG_WARN_CONSTANT_CONVERSION = YES;
				CLANG_WARN_DIRECT_OBJC_ISA_USAGE = YES_ERROR;
				CLANG_WARN_EMPTY_BODY = YES;
				CLANG_WARN_ENUM_CONVERSION = YES;
				CLANG_WARN_INT_CONVERSION = YES;
				CLANG_WARN_OBJC_ROOT_CLASS = YES_ERROR;
				CLANG_WARN_UNREACHABLE_CODE = YES;
				CLANG_WARN__DUPLICATE_METHOD_MATCH = YES;
				"CODE_SIGN_IDENTITY[sdk=iphoneos*]" = "iPhone Developer";
				COPY_PHASE_STRIP = NO;
				DEBUG_INFORMATION_FORMAT = "dwarf-with-dsym";
				ENABLE_NS_ASSERTIONS = NO;
				ENABLE_STRICT_OBJC_MSGSEND = YES;
				GCC_C_LANGUAGE_STANDARD = gnu99;
				GCC_NO_COMMON_BLOCKS = YES;
				GCC_WARN_64_TO_32_BIT_CONVERSION = YES;
				GCC_WARN_ABOUT_RETURN_TYPE = YES_ERROR;
				GCC_WARN_UNDECLARED_SELECTOR = YES;
				GCC_WARN_UNINITIALIZED_AUTOS = YES_AGGRESSIVE;
				GCC_WARN_UNUSED_FUNCTION = YES;
				GCC_WARN_UNUSED_VARIABLE = YES;
				IPHONEOS_DEPLOYMENT_TARGET = 9.2;
				MTL_ENABLE_DEBUG_INFO = NO;
				SDKROOT = iphoneos;
				SWIFT_OBJC_BRIDGING_HEADER = "Bridging-Header.h";
				TARGETED_DEVICE_FAMILY = "1,2";
				VALIDATE_PRODUCT = YES;
			};
			name = Release;
		};
		3BD32EB91C50DBCE00D6C61E /* Debug */ = {
			isa = XCBuildConfiguration;
			baseConfigurationReference = 042FC467B2954CF545451BB1 /* Pods.debug.xcconfig */;
			buildSettings = {
				ASSETCATALOG_COMPILER_APPICON_NAME = AppIcon;
				INFOPLIST_FILE = "Weibo-Swift/Info.plist";
				LD_RUNPATH_SEARCH_PATHS = "$(inherited) @executable_path/Frameworks";
				PRODUCT_BUNDLE_IDENTIFIER = "PandaLZMing.Weibo-Swift";
				PRODUCT_NAME = "$(TARGET_NAME)";
			};
			name = Debug;
		};
		3BD32EBA1C50DBCE00D6C61E /* Release */ = {
			isa = XCBuildConfiguration;
			baseConfigurationReference = EFC0CFCB6E9285306B8E01E9 /* Pods.release.xcconfig */;
			buildSettings = {
				ASSETCATALOG_COMPILER_APPICON_NAME = AppIcon;
				INFOPLIST_FILE = "Weibo-Swift/Info.plist";
				LD_RUNPATH_SEARCH_PATHS = "$(inherited) @executable_path/Frameworks";
				PRODUCT_BUNDLE_IDENTIFIER = "PandaLZMing.Weibo-Swift";
				PRODUCT_NAME = "$(TARGET_NAME)";
			};
			name = Release;
		};
/* End XCBuildConfiguration section */

/* Begin XCConfigurationList section */
		3BD32EA11C50DBCE00D6C61E /* Build configuration list for PBXProject "Weibo-Swift" */ = {
			isa = XCConfigurationList;
			buildConfigurations = (
				3BD32EB61C50DBCE00D6C61E /* Debug */,
				3BD32EB71C50DBCE00D6C61E /* Release */,
			);
			defaultConfigurationIsVisible = 0;
			defaultConfigurationName = Release;
		};
		3BD32EB81C50DBCE00D6C61E /* Build configuration list for PBXNativeTarget "Weibo-Swift" */ = {
			isa = XCConfigurationList;
			buildConfigurations = (
				3BD32EB91C50DBCE00D6C61E /* Debug */,
				3BD32EBA1C50DBCE00D6C61E /* Release */,
			);
			defaultConfigurationIsVisible = 0;
			defaultConfigurationName = Release;
		};
/* End XCConfigurationList section */
	};
	rootObject = 3BD32E9E1C50DBCE00D6C61E /* Project object */;
}
